
Microsoft Visual Studio Solution File, Format Version 12.00
# Visual Studio Version 17
VisualStudioVersion = 17.1.32328.378
MinimumVisualStudioVersion = 10.0.40219.1
Project("{FAE04EC0-301F-11D3-BF4B-00C04F79EFBC}") = "DesignPatternDemo", "DesignPatternDemo\DesignPatternDemo.csproj", "{82C5D4AC-B6A4-496E-B411-4B9EE7DC4753}"
EndProject
Global
	GlobalSection(SolutionConfigurationPlatforms) = preSolution
		Debug|Any CPU = Debug|Any CPU
		Release|Any CPU = Release|Any CPU
	EndGlobalSection
	GlobalSection(ProjectConfigurationPlatforms) = postSolution
		{82C5D4AC-B6A4-496E-B411-4B9EE7DC4753}.Debug|Any CPU.ActiveCfg = Debug|Any CPU
		{82C5D4AC-B6A4-496E-B411-4B9EE7DC4753}.Debug|Any CPU.Build.0 = Debug|Any CPU
		{82C5D4AC-B6A4-496E-B411-4B9EE7DC4753}.Release|Any CPU.ActiveCfg = Release|Any CPU
		{82C5D4AC-B6A4-496E-B411-4B9EE7DC4753}.Release|Any CPU.Build.0 = Release|Any CPU
	EndGlobalSection
	GlobalSection(SolutionProperties) = preSolution
		HideSolutionNode = FALSE
	EndGlobalSection
	GlobalSection(ExtensibilityGlobals) = postSolution
		SolutionGuid = {05B9F0DB-7FEA-4702-B6A5-2DB9DA46D73B}
	EndGlobalSection
EndGlobal
